
Microsoft Visual Studio Solution File, Format Version 12.00
# Visual Studio Version 16
VisualStudioVersion = 16.0.31424.327
MinimumVisualStudioVersion = 10.0.40219.1
Project("{FAE04EC0-301F-11D3-BF4B-00C04F79EFBC}") = "_01_EnvironmentTest", "_01_EnvironmentTest\_01_EnvironmentTest.csproj", "{6E17D2A1-9B56-430C-B3CF-27146A5F8709}"
EndProject
Global
	GlobalSection(SolutionConfigurationPlatforms) = preSolution
		Debug|Any CPU = Debug|Any CPU
		Release|Any CPU = Release|Any CPU
	EndGlobalSection
	GlobalSection(ProjectConfigurationPlatforms) = postSolution
		{6E17D2A1-9B56-430C-B3CF-27146A5F8709}.Debug|Any CPU.ActiveCfg = Debug|Any CPU
		{6E17D2A1-9B56-430C-B3CF-27146A5F8709}.Debug|Any CPU.Build.0 = Debug|Any CPU
		{6E17D2A1-9B56-430C-B3CF-27146A5F8709}.Release|Any CPU.ActiveCfg = Release|Any CPU
		{6E17D2A1-9B56-430C-B3CF-27146A5F8709}.Release|Any CPU.Build.0 = Release|Any CPU
	EndGlobalSection
	GlobalSection(SolutionProperties) = preSolution
		HideSolutionNode = FALSE
	EndGlobalSection
	GlobalSection(ExtensibilityGlobals) = postSolution
		SolutionGuid = {5142951F-0D3E-48E6-A9E5-46FD5250E627}
	EndGlobalSection
EndGlobal
