
Microsoft Visual Studio Solution File, Format Version 12.00
# Visual Studio Version 16
VisualStudioVersion = 16.0.31424.327
MinimumVisualStudioVersion = 10.0.40219.1
Project("{FAE04EC0-301F-11D3-BF4B-00C04F79EFBC}") = "_01_EnvironmentTest", "_01_EnvironmentTest\_01_EnvironmentTest.csproj", "{6E17D2A1-9B56-430C-B3CF-27146A5F8709}"
EndProject
Project("{FAE04EC0-301F-11D3-BF4B-00C04F79EFBC}") = "_02_EntityCreate", "_02_EntityCreate\_02_EntityCreate.csproj", "{A8A57455-4867-4C0B-9DE8-479D17182442}"
EndProject
Project("{FAE04EC0-301F-11D3-BF4B-00C04F79EFBC}") = "AutoCADDotNetTools", "AutoCADDotNetTools\AutoCADDotNetTools.csproj", "{98AD7E2D-20E8-42F4-974A-521A7AB220E2}"
EndProject
Project("{FAE04EC0-301F-11D3-BF4B-00C04F79EFBC}") = "_03_EntityEdit", "_03_EntityEdit\_03_EntityEdit.csproj", "{6DCD252C-7FE8-4CF7-86D9-EB2BF979217B}"
EndProject
Project("{FAE04EC0-301F-11D3-BF4B-00C04F79EFBC}") = "_04_用户交互", "_04_用户交互\_04_用户交互.csproj", "{3B5D553C-5850-45DA-9CAB-A96DB0373134}"
EndProject
Project("{FAE04EC0-301F-11D3-BF4B-00C04F79EFBC}") = "_05_选择集", "_05_选择集\_05_选择集.csproj", "{61A582A6-994D-4BF6-899E-D4C5437F6872}"
EndProject
Project("{FAE04EC0-301F-11D3-BF4B-00C04F79EFBC}") = "_06_Text", "_06_Text\_06_Text.csproj", "{0F26D4C1-7BD0-46F0-882A-DE6CA93FA265}"
EndProject
Project("{FAE04EC0-301F-11D3-BF4B-00C04F79EFBC}") = "_07_采样标注", "_07_采样标注\_07_采样标注.csproj", "{76B0B10E-8C3B-483F-B0DF-60274AA60092}"
EndProject
Project("{FAE04EC0-301F-11D3-BF4B-00C04F79EFBC}") = "_08_图层操作", "_08_图层操作\_08_图层操作.csproj", "{5FF7D453-BA97-4F42-B4EB-821C310DEAAC}"
EndProject
Global
	GlobalSection(SolutionConfigurationPlatforms) = preSolution
		Debug|Any CPU = Debug|Any CPU
		Release|Any CPU = Release|Any CPU
	EndGlobalSection
	GlobalSection(ProjectConfigurationPlatforms) = postSolution
		{6E17D2A1-9B56-430C-B3CF-27146A5F8709}.Debug|Any CPU.ActiveCfg = Debug|Any CPU
		{6E17D2A1-9B56-430C-B3CF-27146A5F8709}.Debug|Any CPU.Build.0 = Debug|Any CPU
		{6E17D2A1-9B56-430C-B3CF-27146A5F8709}.Release|Any CPU.ActiveCfg = Release|Any CPU
		{6E17D2A1-9B56-430C-B3CF-27146A5F8709}.Release|Any CPU.Build.0 = Release|Any CPU
		{A8A57455-4867-4C0B-9DE8-479D17182442}.Debug|Any CPU.ActiveCfg = Debug|Any CPU
		{A8A57455-4867-4C0B-9DE8-479D17182442}.Debug|Any CPU.Build.0 = Debug|Any CPU
		{A8A57455-4867-4C0B-9DE8-479D17182442}.Release|Any CPU.ActiveCfg = Release|Any CPU
		{A8A57455-4867-4C0B-9DE8-479D17182442}.Release|Any CPU.Build.0 = Release|Any CPU
		{98AD7E2D-20E8-42F4-974A-521A7AB220E2}.Debug|Any CPU.ActiveCfg = Debug|Any CPU
		{98AD7E2D-20E8-42F4-974A-521A7AB220E2}.Debug|Any CPU.Build.0 = Debug|Any CPU
		{98AD7E2D-20E8-42F4-974A-521A7AB220E2}.Release|Any CPU.ActiveCfg = Release|Any CPU
		{98AD7E2D-20E8-42F4-974A-521A7AB220E2}.Release|Any CPU.Build.0 = Release|Any CPU
		{6DCD252C-7FE8-4CF7-86D9-EB2BF979217B}.Debug|Any CPU.ActiveCfg = Debug|Any CPU
		{6DCD252C-7FE8-4CF7-86D9-EB2BF979217B}.Debug|Any CPU.Build.0 = Debug|Any CPU
		{6DCD252C-7FE8-4CF7-86D9-EB2BF979217B}.Release|Any CPU.ActiveCfg = Release|Any CPU
		{6DCD252C-7FE8-4CF7-86D9-EB2BF979217B}.Release|Any CPU.Build.0 = Release|Any CPU
		{3B5D553C-5850-45DA-9CAB-A96DB0373134}.Debug|Any CPU.ActiveCfg = Debug|Any CPU
		{3B5D553C-5850-45DA-9CAB-A96DB0373134}.Debug|Any CPU.Build.0 = Debug|Any CPU
		{3B5D553C-5850-45DA-9CAB-A96DB0373134}.Release|Any CPU.ActiveCfg = Release|Any CPU
		{3B5D553C-5850-45DA-9CAB-A96DB0373134}.Release|Any CPU.Build.0 = Release|Any CPU
		{61A582A6-994D-4BF6-899E-D4C5437F6872}.Debug|Any CPU.ActiveCfg = Debug|Any CPU
		{61A582A6-994D-4BF6-899E-D4C5437F6872}.Debug|Any CPU.Build.0 = Debug|Any CPU
		{61A582A6-994D-4BF6-899E-D4C5437F6872}.Release|Any CPU.ActiveCfg = Release|Any CPU
		{61A582A6-994D-4BF6-899E-D4C5437F6872}.Release|Any CPU.Build.0 = Release|Any CPU
		{0F26D4C1-7BD0-46F0-882A-DE6CA93FA265}.Debug|Any CPU.ActiveCfg = Debug|Any CPU
		{0F26D4C1-7BD0-46F0-882A-DE6CA93FA265}.Debug|Any CPU.Build.0 = Debug|Any CPU
		{0F26D4C1-7BD0-46F0-882A-DE6CA93FA265}.Release|Any CPU.ActiveCfg = Release|Any CPU
		{0F26D4C1-7BD0-46F0-882A-DE6CA93FA265}.Release|Any CPU.Build.0 = Release|Any CPU
		{76B0B10E-8C3B-483F-B0DF-60274AA60092}.Debug|Any CPU.ActiveCfg = Debug|Any CPU
		{76B0B10E-8C3B-483F-B0DF-60274AA60092}.Debug|Any CPU.Build.0 = Debug|Any CPU
		{76B0B10E-8C3B-483F-B0DF-60274AA60092}.Release|Any CPU.ActiveCfg = Release|Any CPU
		{76B0B10E-8C3B-483F-B0DF-60274AA60092}.Release|Any CPU.Build.0 = Release|Any CPU
		{5FF7D453-BA97-4F42-B4EB-821C310DEAAC}.Debug|Any CPU.ActiveCfg = Debug|Any CPU
		{5FF7D453-BA97-4F42-B4EB-821C310DEAAC}.Debug|Any CPU.Build.0 = Debug|Any CPU
		{5FF7D453-BA97-4F42-B4EB-821C310DEAAC}.Release|Any CPU.ActiveCfg = Release|Any CPU
		{5FF7D453-BA97-4F42-B4EB-821C310DEAAC}.Release|Any CPU.Build.0 = Release|Any CPU
	EndGlobalSection
	GlobalSection(SolutionProperties) = preSolution
		HideSolutionNode = FALSE
	EndGlobalSection
	GlobalSection(ExtensibilityGlobals) = postSolution
		SolutionGuid = {5142951F-0D3E-48E6-A9E5-46FD5250E627}
	EndGlobalSection
EndGlobal
